# This file is automatically @generated by Cargo.
# It is not intended for manual editing.
version = 4

[[package]]
name = "impossible-voice-audio"
version = "0.1.0"

[[package]]
name = "impossible-voice-domain"
version = "0.1.0"

[[package]]
name = "impossible-voice-protocol"
version = "0.1.0"

[[package]]
name = "impossible-voice-server"
version = "0.1.0"

[[package]]
name = "impossible-voice-stt"
version = "0.1.0"

[[package]]
name = "impossible-voice-tts"
version = "0.1.0"
